<?xml version="1.0" encoding="utf-8"?>
<Project ToolsVersion="4.0" xmlns="http://schemas.microsoft.com/developer/msbuild/2003">
  <ItemGroup>
    <Filter Include="Source Files">
      <UniqueIdentifier>{4FC737F1-C7A5-4376-A066-2A32D752A2FF}</UniqueIdentifier>
      <Extensions>cpp;c;cc;cxx;def;odl;idl;hpj;bat;asm;asmx</Extensions>
    </Filter>
    <Filter Include="Header Files">
      <UniqueIdentifier>{93995380-89BD-4b04-88EB-625FBE52EBFB}</UniqueIdentifier>
      <Extensions>h;hh;hpp;hxx;hm;inl;inc;xsd</Extensions>
    </Filter>
    <Filter Include="Resource Files">
      <UniqueIdentifier>{67DA6AB6-F800-4c08-8B7A-83BB121AAD01}</UniqueIdentifier>
      <Extensions>rc;ico;cur;bmp;dlg;rc2;rct;bin;rgs;gif;jpg;jpeg;jpe;resx;tiff;tif;png;wav;mfcribbon-ms</Extensions>
    </Filter>
  </ItemGroup>
  <ItemGroup>
    <Text Include="ReadMe.txt" />
  </ItemGroup>
  <ItemGroup>
    <ClInclude Include="..\aaplus\AAVSOP87E_SAT.h">
      <Filter>Header Files</Filter>
    </ClInclude>
    <ClInclude Include="..\aaplus\AAVSOP87E_SUN.h">
      <Filter>Header Files</Filter>
    </ClInclude>
    <ClInclude Include="..\aaplus\AAVSOP87E_URA.h">
      <Filter>Header Files</Filter>
    </ClInclude>
    <ClInclude Include="..\aaplus\AAVSOP87E_VEN.h">
      <Filter>Header Files</Filter>
    </ClInclude>
    <ClInclude Include="..\aaplus\stdafx.h">
      <Filter>Header Files</Filter>
    </ClInclude>
    <ClInclude Include="..\aaplus\AA+.h">
      <Filter>Header Files</Filter>
    </ClInclude>
    <ClInclude Include="..\aaplus\AA2DCoordinate.h">
      <Filter>Header Files</Filter>
    </ClInclude>
    <ClInclude Include="..\aaplus\AA3DCoordinate.h">
      <Filter>Header Files</Filter>
    </ClInclude>
    <ClInclude Include="..\aaplus\AAAberration.h">
      <Filter>Header Files</Filter>
    </ClInclude>
    <ClInclude Include="..\aaplus\AAAngularSeparation.h">
      <Filter>Header Files</Filter>
    </ClInclude>
    <ClInclude Include="..\aaplus\AABinaryStar.h">
      <Filter>Header Files</Filter>
    </ClInclude>
    <ClInclude Include="..\aaplus\AACoordinateTransformation.h">
      <Filter>Header Files</Filter>
    </ClInclude>
    <ClInclude Include="..\aaplus\AADate.h">
      <Filter>Header Files</Filter>
    </ClInclude>
    <ClInclude Include="..\aaplus\AADiameters.h">
      <Filter>Header Files</Filter>
    </ClInclude>
    <ClInclude Include="..\aaplus\AADynamicalTime.h">
      <Filter>Header Files</Filter>
    </ClInclude>
    <ClInclude Include="..\aaplus\AAEarth.h">
      <Filter>Header Files</Filter>
    </ClInclude>
    <ClInclude Include="..\aaplus\AAEaster.h">
      <Filter>Header Files</Filter>
    </ClInclude>
    <ClInclude Include="..\aaplus\AAEclipses.h">
      <Filter>Header Files</Filter>
    </ClInclude>
    <ClInclude Include="..\aaplus\AAEclipticalElements.h">
      <Filter>Header Files</Filter>
    </ClInclude>
    <ClInclude Include="..\aaplus\AAElementsPlanetaryOrbit.h">
      <Filter>Header Files</Filter>
    </ClInclude>
    <ClInclude Include="..\aaplus\AAElliptical.h">
      <Filter>Header Files</Filter>
    </ClInclude>
    <ClInclude Include="..\aaplus\AAEquationOfTime.h">
      <Filter>Header Files</Filter>
    </ClInclude>
    <ClInclude Include="..\aaplus\AAEquinoxesAndSolstices.h">
      <Filter>Header Files</Filter>
    </ClInclude>
    <ClInclude Include="..\aaplus\AAFK5.h">
      <Filter>Header Files</Filter>
    </ClInclude>
    <ClInclude Include="..\aaplus\AAGalileanMoons.h">
      <Filter>Header Files</Filter>
    </ClInclude>
    <ClInclude Include="..\aaplus\AAGlobe.h">
      <Filter>Header Files</Filter>
    </ClInclude>
    <ClInclude Include="..\aaplus\AAIlluminatedFraction.h">
      <Filter>Header Files</Filter>
    </ClInclude>
    <ClInclude Include="..\aaplus\AAInterpolate.h">
      <Filter>Header Files</Filter>
    </ClInclude>
    <ClInclude Include="..\aaplus\AAJewishCalendar.h">
      <Filter>Header Files</Filter>
    </ClInclude>
    <ClInclude Include="..\aaplus\AAJupiter.h">
      <Filter>Header Files</Filter>
    </ClInclude>
    <ClInclude Include="..\aaplus\AAKepler.h">
      <Filter>Header Files</Filter>
    </ClInclude>
    <ClInclude Include="..\aaplus\AAMars.h">
      <Filter>Header Files</Filter>
    </ClInclude>
    <ClInclude Include="..\aaplus\AAMercury.h">
      <Filter>Header Files</Filter>
    </ClInclude>
    <ClInclude Include="..\aaplus\AAMoon.h">
      <Filter>Header Files</Filter>
    </ClInclude>
    <ClInclude Include="..\aaplus\AAMoonIlluminatedFraction.h">
      <Filter>Header Files</Filter>
    </ClInclude>
    <ClInclude Include="..\aaplus\AAMoonMaxDeclinations.h">
      <Filter>Header Files</Filter>
    </ClInclude>
    <ClInclude Include="..\aaplus\AAMoonNodes.h">
      <Filter>Header Files</Filter>
    </ClInclude>
    <ClInclude Include="..\aaplus\AAMoonPerigeeApogee.h">
      <Filter>Header Files</Filter>
    </ClInclude>
    <ClInclude Include="..\aaplus\AAMoonPhases.h">
      <Filter>Header Files</Filter>
    </ClInclude>
    <ClInclude Include="..\aaplus\AAMoslemCalendar.h">
      <Filter>Header Files</Filter>
    </ClInclude>
    <ClInclude Include="..\aaplus\AANearParabolic.h">
      <Filter>Header Files</Filter>
    </ClInclude>
    <ClInclude Include="..\aaplus\AANeptune.h">
      <Filter>Header Files</Filter>
    </ClInclude>
    <ClInclude Include="..\aaplus\AANodes.h">
      <Filter>Header Files</Filter>
    </ClInclude>
    <ClInclude Include="..\aaplus\AANutation.h">
      <Filter>Header Files</Filter>
    </ClInclude>
    <ClInclude Include="..\aaplus\AAParabolic.h">
      <Filter>Header Files</Filter>
    </ClInclude>
    <ClInclude Include="..\aaplus\AAParallactic.h">
      <Filter>Header Files</Filter>
    </ClInclude>
    <ClInclude Include="..\aaplus\AAParallax.h">
      <Filter>Header Files</Filter>
    </ClInclude>
    <ClInclude Include="..\aaplus\AAPhysicalJupiter.h">
      <Filter>Header Files</Filter>
    </ClInclude>
    <ClInclude Include="..\aaplus\AAPhysicalMars.h">
      <Filter>Header Files</Filter>
    </ClInclude>
    <ClInclude Include="..\aaplus\AAPhysicalMoon.h">
      <Filter>Header Files</Filter>
    </ClInclude>
    <ClInclude Include="..\aaplus\AAPhysicalSun.h">
      <Filter>Header Files</Filter>
    </ClInclude>
    <ClInclude Include="..\aaplus\AAPlanetaryPhenomena.h">
      <Filter>Header Files</Filter>
    </ClInclude>
    <ClInclude Include="..\aaplus\AAPlanetPerihelionAphelion.h">
      <Filter>Header Files</Filter>
    </ClInclude>
    <ClInclude Include="..\aaplus\AAPluto.h">
      <Filter>Header Files</Filter>
    </ClInclude>
    <ClInclude Include="..\aaplus\AAPrecession.h">
      <Filter>Header Files</Filter>
    </ClInclude>
    <ClInclude Include="..\aaplus\AARefraction.h">
      <Filter>Header Files</Filter>
    </ClInclude>
    <ClInclude Include="..\aaplus\AARiseTransitSet.h">
      <Filter>Header Files</Filter>
    </ClInclude>
    <ClInclude Include="..\aaplus\AASaturn.h">
      <Filter>Header Files</Filter>
    </ClInclude>
    <ClInclude Include="..\aaplus\AASaturnMoons.h">
      <Filter>Header Files</Filter>
    </ClInclude>
    <ClInclude Include="..\aaplus\AASaturnRings.h">
      <Filter>Header Files</Filter>
    </ClInclude>
    <ClInclude Include="..\aaplus\AASidereal.h">
      <Filter>Header Files</Filter>
    </ClInclude>
    <ClInclude Include="..\aaplus\AAStellarMagnitudes.h">
      <Filter>Header Files</Filter>
    </ClInclude>
    <ClInclude Include="..\aaplus\AASun.h">
      <Filter>Header Files</Filter>
    </ClInclude>
    <ClInclude Include="..\aaplus\AAUranus.h">
      <Filter>Header Files</Filter>
    </ClInclude>
    <ClInclude Include="..\aaplus\AAVenus.h">
      <Filter>Header Files</Filter>
    </ClInclude>
    <ClInclude Include="..\aaplus\AAVSOP87.h">
      <Filter>Header Files</Filter>
    </ClInclude>
    <ClInclude Include="..\aaplus\AAVSOP87_EMB.h">
      <Filter>Header Files</Filter>
    </ClInclude>
    <ClInclude Include="..\aaplus\AAVSOP87_JUP.h">
      <Filter>Header Files</Filter>
    </ClInclude>
    <ClInclude Include="..\aaplus\AAVSOP87_MAR.h">
      <Filter>Header Files</Filter>
    </ClInclude>
    <ClInclude Include="..\aaplus\AAVSOP87_MER.h">
      <Filter>Header Files</Filter>
    </ClInclude>
    <ClInclude Include="..\aaplus\AAVSOP87_NEP.h">
      <Filter>Header Files</Filter>
    </ClInclude>
    <ClInclude Include="..\aaplus\AAVSOP87_SAT.h">
      <Filter>Header Files</Filter>
    </ClInclude>
    <ClInclude Include="..\aaplus\AAVSOP87_URA.h">
      <Filter>Header Files</Filter>
    </ClInclude>
    <ClInclude Include="..\aaplus\AAVSOP87_VEN.h">
      <Filter>Header Files</Filter>
    </ClInclude>
    <ClInclude Include="..\aaplus\AAVSOP87A_EAR.h">
      <Filter>Header Files</Filter>
    </ClInclude>
    <ClInclude Include="..\aaplus\AAVSOP87A_EMB.h">
      <Filter>Header Files</Filter>
    </ClInclude>
    <ClInclude Include="..\aaplus\AAVSOP87A_JUP.h">
      <Filter>Header Files</Filter>
    </ClInclude>
    <ClInclude Include="..\aaplus\AAVSOP87A_MAR.h">
      <Filter>Header Files</Filter>
    </ClInclude>
    <ClInclude Include="..\aaplus\AAVSOP87A_MER.h">
      <Filter>Header Files</Filter>
    </ClInclude>
    <ClInclude Include="..\aaplus\AAVSOP87A_NEP.h">
      <Filter>Header Files</Filter>
    </ClInclude>
    <ClInclude Include="..\aaplus\AAVSOP87A_SAT.h">
      <Filter>Header Files</Filter>
    </ClInclude>
    <ClInclude Include="..\aaplus\AAVSOP87A_URA.h">
      <Filter>Header Files</Filter>
    </ClInclude>
    <ClInclude Include="..\aaplus\AAVSOP87A_VEN.h">
      <Filter>Header Files</Filter>
    </ClInclude>
    <ClInclude Include="..\aaplus\AAVSOP87B_EAR.h">
      <Filter>Header Files</Filter>
    </ClInclude>
    <ClInclude Include="..\aaplus\AAVSOP87B_JUP.h">
      <Filter>Header Files</Filter>
    </ClInclude>
    <ClInclude Include="..\aaplus\AAVSOP87B_MAR.h">
      <Filter>Header Files</Filter>
    </ClInclude>
    <ClInclude Include="..\aaplus\AAVSOP87B_MER.h">
      <Filter>Header Files</Filter>
    </ClInclude>
    <ClInclude Include="..\aaplus\AAVSOP87B_NEP.h">
      <Filter>Header Files</Filter>
    </ClInclude>
    <ClInclude Include="..\aaplus\AAVSOP87B_SAT.h">
      <Filter>Header Files</Filter>
    </ClInclude>
    <ClInclude Include="..\aaplus\AAVSOP87B_URA.h">
      <Filter>Header Files</Filter>
    </ClInclude>
    <ClInclude Include="..\aaplus\AAVSOP87B_VEN.h">
      <Filter>Header Files</Filter>
    </ClInclude>
    <ClInclude Include="..\aaplus\AAVSOP87C_EAR.h">
      <Filter>Header Files</Filter>
    </ClInclude>
    <ClInclude Include="..\aaplus\AAVSOP87C_JUP.h">
      <Filter>Header Files</Filter>
    </ClInclude>
    <ClInclude Include="..\aaplus\AAVSOP87C_MAR.h">
      <Filter>Header Files</Filter>
    </ClInclude>
    <ClInclude Include="..\aaplus\AAVSOP87C_MER.h">
      <Filter>Header Files</Filter>
    </ClInclude>
    <ClInclude Include="..\aaplus\AAVSOP87C_NEP.h">
      <Filter>Header Files</Filter>
    </ClInclude>
    <ClInclude Include="..\aaplus\AAVSOP87C_SAT.h">
      <Filter>Header Files</Filter>
    </ClInclude>
    <ClInclude Include="..\aaplus\AAVSOP87C_URA.h">
      <Filter>Header Files</Filter>
    </ClInclude>
    <ClInclude Include="..\aaplus\AAVSOP87C_VEN.h">
      <Filter>Header Files</Filter>
    </ClInclude>
    <ClInclude Include="..\aaplus\AAVSOP87D_EAR.h">
      <Filter>Header Files</Filter>
    </ClInclude>
    <ClInclude Include="..\aaplus\AAVSOP87D_JUP.h">
      <Filter>Header Files</Filter>
    </ClInclude>
    <ClInclude Include="..\aaplus\AAVSOP87D_MAR.h">
      <Filter>Header Files</Filter>
    </ClInclude>
    <ClInclude Include="..\aaplus\AAVSOP87D_MER.h">
      <Filter>Header Files</Filter>
    </ClInclude>
    <ClInclude Include="..\aaplus\AAVSOP87D_NEP.h">
      <Filter>Header Files</Filter>
    </ClInclude>
    <ClInclude Include="..\aaplus\AAVSOP87D_SAT.h">
      <Filter>Header Files</Filter>
    </ClInclude>
    <ClInclude Include="..\aaplus\AAVSOP87D_URA.h">
      <Filter>Header Files</Filter>
    </ClInclude>
    <ClInclude Include="..\aaplus\AAVSOP87D_VEN.h">
      <Filter>Header Files</Filter>
    </ClInclude>
    <ClInclude Include="..\aaplus\AAVSOP87E_EAR.h">
      <Filter>Header Files</Filter>
    </ClInclude>
    <ClInclude Include="..\aaplus\AAVSOP87E_JUP.h">
      <Filter>Header Files</Filter>
    </ClInclude>
    <ClInclude Include="..\aaplus\AAVSOP87E_MAR.h">
      <Filter>Header Files</Filter>
    </ClInclude>
    <ClInclude Include="..\aaplus\AAVSOP87E_MER.h">
      <Filter>Header Files</Filter>
    </ClInclude>
    <ClInclude Include="..\aaplus\AAVSOP87E_NEP.h">
      <Filter>Header Files</Filter>
    </ClInclude>
  </ItemGroup>
  <ItemGroup>
    <ClCompile Include="..\aaplus\stdafx.cpp">
      <Filter>Source Files</Filter>
    </ClCompile>
    <ClCompile Include="..\aaplus\AAAberration.cpp">
      <Filter>Source Files</Filter>
    </ClCompile>
    <ClCompile Include="..\aaplus\AAAngularSeparation.cpp">
      <Filter>Source Files</Filter>
    </ClCompile>
    <ClCompile Include="..\aaplus\AABinaryStar.cpp">
      <Filter>Source Files</Filter>
    </ClCompile>
    <ClCompile Include="..\aaplus\AACoordinateTransformation.cpp">
      <Filter>Source Files</Filter>
    </ClCompile>
    <ClCompile Include="..\aaplus\AADate.cpp">
      <Filter>Source Files</Filter>
    </ClCompile>
    <ClCompile Include="..\aaplus\AADiameters.cpp">
      <Filter>Source Files</Filter>
    </ClCompile>
    <ClCompile Include="..\aaplus\AADynamicalTime.cpp">
      <Filter>Source Files</Filter>
    </ClCompile>
    <ClCompile Include="..\aaplus\AAEarth.cpp">
      <Filter>Source Files</Filter>
    </ClCompile>
    <ClCompile Include="..\aaplus\AAEaster.cpp">
      <Filter>Source Files</Filter>
    </ClCompile>
    <ClCompile Include="..\aaplus\AAEclipses.cpp">
      <Filter>Source Files</Filter>
    </ClCompile>
    <ClCompile Include="..\aaplus\AAEclipticalElements.cpp">
      <Filter>Source Files</Filter>
    </ClCompile>
    <ClCompile Include="..\aaplus\AAElementsPlanetaryOrbit.cpp">
      <Filter>Source Files</Filter>
    </ClCompile>
    <ClCompile Include="..\aaplus\AAElliptical.cpp">
      <Filter>Source Files</Filter>
    </ClCompile>
    <ClCompile Include="..\aaplus\AAEquationOfTime.cpp">
      <Filter>Source Files</Filter>
    </ClCompile>
    <ClCompile Include="..\aaplus\AAEquinoxesAndSolstices.cpp">
      <Filter>Source Files</Filter>
    </ClCompile>
    <ClCompile Include="..\aaplus\AAFK5.cpp">
      <Filter>Source Files</Filter>
    </ClCompile>
    <ClCompile Include="..\aaplus\AAGalileanMoons.cpp">
      <Filter>Source Files</Filter>
    </ClCompile>
    <ClCompile Include="..\aaplus\AAGlobe.cpp">
      <Filter>Source Files</Filter>
    </ClCompile>
    <ClCompile Include="..\aaplus\AAIlluminatedFraction.cpp">
      <Filter>Source Files</Filter>
    </ClCompile>
    <ClCompile Include="..\aaplus\AAInterpolate.cpp">
      <Filter>Source Files</Filter>
    </ClCompile>
    <ClCompile Include="..\aaplus\AAJewishCalendar.cpp">
      <Filter>Source Files</Filter>
    </ClCompile>
    <ClCompile Include="..\aaplus\AAJupiter.cpp">
      <Filter>Source Files</Filter>
    </ClCompile>
    <ClCompile Include="..\aaplus\AAKepler.cpp">
      <Filter>Source Files</Filter>
    </ClCompile>
    <ClCompile Include="..\aaplus\AAMars.cpp">
      <Filter>Source Files</Filter>
    </ClCompile>
    <ClCompile Include="..\aaplus\AAMercury.cpp">
      <Filter>Source Files</Filter>
    </ClCompile>
    <ClCompile Include="..\aaplus\AAMoon.cpp">
      <Filter>Source Files</Filter>
    </ClCompile>
    <ClCompile Include="..\aaplus\AAMoonIlluminatedFraction.cpp">
      <Filter>Source Files</Filter>
    </ClCompile>
    <ClCompile Include="..\aaplus\AAMoonMaxDeclinations.cpp">
      <Filter>Source Files</Filter>
    </ClCompile>
    <ClCompile Include="..\aaplus\AAMoonNodes.cpp">
      <Filter>Source Files</Filter>
    </ClCompile>
    <ClCompile Include="..\aaplus\AAMoonPerigeeApogee.cpp">
      <Filter>Source Files</Filter>
    </ClCompile>
    <ClCompile Include="..\aaplus\AAMoonPhases.cpp">
      <Filter>Source Files</Filter>
    </ClCompile>
    <ClCompile Include="..\aaplus\AAMoslemCalendar.cpp">
      <Filter>Source Files</Filter>
    </ClCompile>
    <ClCompile Include="..\aaplus\AANearParabolic.cpp">
      <Filter>Source Files</Filter>
    </ClCompile>
    <ClCompile Include="..\aaplus\AANeptune.cpp">
      <Filter>Source Files</Filter>
    </ClCompile>
    <ClCompile Include="..\aaplus\AANodes.cpp">
      <Filter>Source Files</Filter>
    </ClCompile>
    <ClCompile Include="..\aaplus\AANutation.cpp">
      <Filter>Source Files</Filter>
    </ClCompile>
    <ClCompile Include="..\aaplus\AAParabolic.cpp">
      <Filter>Source Files</Filter>
    </ClCompile>
    <ClCompile Include="..\aaplus\AAParallactic.cpp">
      <Filter>Source Files</Filter>
    </ClCompile>
    <ClCompile Include="..\aaplus\AAParallax.cpp">
      <Filter>Source Files</Filter>
    </ClCompile>
    <ClCompile Include="..\aaplus\AAPhysicalJupiter.cpp">
      <Filter>Source Files</Filter>
    </ClCompile>
    <ClCompile Include="..\aaplus\AAPhysicalMars.cpp">
      <Filter>Source Files</Filter>
    </ClCompile>
    <ClCompile Include="..\aaplus\AAPhysicalMoon.cpp">
      <Filter>Source Files</Filter>
    </ClCompile>
    <ClCompile Include="..\aaplus\AAPhysicalSun.cpp">
      <Filter>Source Files</Filter>
    </ClCompile>
    <ClCompile Include="..\aaplus\AAPlanetaryPhenomena.cpp">
      <Filter>Source Files</Filter>
    </ClCompile>
    <ClCompile Include="..\aaplus\AAPlanetPerihelionAphelion.cpp">
      <Filter>Source Files</Filter>
    </ClCompile>
    <ClCompile Include="..\aaplus\AAPluto.cpp">
      <Filter>Source Files</Filter>
    </ClCompile>
    <ClCompile Include="..\aaplus\AAPrecession.cpp">
      <Filter>Source Files</Filter>
    </ClCompile>
    <ClCompile Include="..\aaplus\AARefraction.cpp">
      <Filter>Source Files</Filter>
    </ClCompile>
    <ClCompile Include="..\aaplus\AARiseTransitSet.cpp">
      <Filter>Source Files</Filter>
    </ClCompile>
    <ClCompile Include="..\aaplus\AASaturn.cpp">
      <Filter>Source Files</Filter>
    </ClCompile>
    <ClCompile Include="..\aaplus\AASaturnMoons.cpp">
      <Filter>Source Files</Filter>
    </ClCompile>
    <ClCompile Include="..\aaplus\AASaturnRings.cpp">
      <Filter>Source Files</Filter>
    </ClCompile>
    <ClCompile Include="..\aaplus\AASidereal.cpp">
      <Filter>Source Files</Filter>
    </ClCompile>
    <ClCompile Include="..\aaplus\AAStellarMagnitudes.cpp">
      <Filter>Source Files</Filter>
    </ClCompile>
    <ClCompile Include="..\aaplus\AASun.cpp">
      <Filter>Source Files</Filter>
    </ClCompile>
    <ClCompile Include="..\aaplus\AAUranus.cpp">
      <Filter>Source Files</Filter>
    </ClCompile>
    <ClCompile Include="..\aaplus\AAVenus.cpp">
      <Filter>Source Files</Filter>
    </ClCompile>
    <ClCompile Include="..\aaplus\AAVSOP87.cpp">
      <Filter>Source Files</Filter>
    </ClCompile>
    <ClCompile Include="..\aaplus\AAVSOP87_EMB.cpp">
      <Filter>Source Files</Filter>
    </ClCompile>
    <ClCompile Include="..\aaplus\AAVSOP87_JUP.cpp">
      <Filter>Source Files</Filter>
    </ClCompile>
    <ClCompile Include="..\aaplus\AAVSOP87_MAR.cpp">
      <Filter>Source Files</Filter>
    </ClCompile>
    <ClCompile Include="..\aaplus\AAVSOP87_MER.cpp">
      <Filter>Source Files</Filter>
    </ClCompile>
    <ClCompile Include="..\aaplus\AAVSOP87_NEP.cpp">
      <Filter>Source Files</Filter>
    </ClCompile>
    <ClCompile Include="..\aaplus\AAVSOP87_SAT.cpp">
      <Filter>Source Files</Filter>
    </ClCompile>
    <ClCompile Include="..\aaplus\AAVSOP87_URA.cpp">
      <Filter>Source Files</Filter>
    </ClCompile>
    <ClCompile Include="..\aaplus\AAVSOP87_VEN.cpp">
      <Filter>Source Files</Filter>
    </ClCompile>
    <ClCompile Include="..\aaplus\AAVSOP87A_EAR.cpp">
      <Filter>Source Files</Filter>
    </ClCompile>
    <ClCompile Include="..\aaplus\AAVSOP87A_EMB.cpp">
      <Filter>Source Files</Filter>
    </ClCompile>
    <ClCompile Include="..\aaplus\AAVSOP87A_JUP.cpp">
      <Filter>Source Files</Filter>
    </ClCompile>
    <ClCompile Include="..\aaplus\AAVSOP87A_MAR.cpp">
      <Filter>Source Files</Filter>
    </ClCompile>
    <ClCompile Include="..\aaplus\AAVSOP87A_MER.cpp">
      <Filter>Source Files</Filter>
    </ClCompile>
    <ClCompile Include="..\aaplus\AAVSOP87A_NEP.cpp">
      <Filter>Source Files</Filter>
    </ClCompile>
    <ClCompile Include="..\aaplus\AAVSOP87A_SAT.cpp">
      <Filter>Source Files</Filter>
    </ClCompile>
    <ClCompile Include="..\aaplus\AAVSOP87A_URA.cpp">
      <Filter>Source Files</Filter>
    </ClCompile>
    <ClCompile Include="..\aaplus\AAVSOP87A_VEN.cpp">
      <Filter>Source Files</Filter>
    </ClCompile>
    <ClCompile Include="..\aaplus\AAVSOP87B_EAR.cpp">
      <Filter>Source Files</Filter>
    </ClCompile>
    <ClCompile Include="..\aaplus\AAVSOP87B_JUP.cpp">
      <Filter>Source Files</Filter>
    </ClCompile>
    <ClCompile Include="..\aaplus\AAVSOP87B_MAR.cpp">
      <Filter>Source Files</Filter>
    </ClCompile>
    <ClCompile Include="..\aaplus\AAVSOP87B_MER.cpp">
      <Filter>Source Files</Filter>
    </ClCompile>
    <ClCompile Include="..\aaplus\AAVSOP87B_NEP.cpp">
      <Filter>Source Files</Filter>
    </ClCompile>
    <ClCompile Include="..\aaplus\AAVSOP87B_SAT.cpp">
      <Filter>Source Files</Filter>
    </ClCompile>
    <ClCompile Include="..\aaplus\AAVSOP87B_URA.cpp">
      <Filter>Source Files</Filter>
    </ClCompile>
    <ClCompile Include="..\aaplus\AAVSOP87B_VEN.cpp">
      <Filter>Source Files</Filter>
    </ClCompile>
    <ClCompile Include="..\aaplus\AAVSOP87C_EAR.cpp">
      <Filter>Source Files</Filter>
    </ClCompile>
    <ClCompile Include="..\aaplus\AAVSOP87C_JUP.cpp">
      <Filter>Source Files</Filter>
    </ClCompile>
    <ClCompile Include="..\aaplus\AAVSOP87C_MAR.cpp">
      <Filter>Source Files</Filter>
    </ClCompile>
    <ClCompile Include="..\aaplus\AAVSOP87C_MER.cpp">
      <Filter>Source Files</Filter>
    </ClCompile>
    <ClCompile Include="..\aaplus\AAVSOP87C_NEP.cpp">
      <Filter>Source Files</Filter>
    </ClCompile>
    <ClCompile Include="..\aaplus\AAVSOP87C_SAT.cpp">
      <Filter>Source Files</Filter>
    </ClCompile>
    <ClCompile Include="..\aaplus\AAVSOP87C_URA.cpp">
      <Filter>Source Files</Filter>
    </ClCompile>
    <ClCompile Include="..\aaplus\AAVSOP87C_VEN.cpp">
      <Filter>Source Files</Filter>
    </ClCompile>
    <ClCompile Include="..\aaplus\AAVSOP87D_EAR.cpp">
      <Filter>Source Files</Filter>
    </ClCompile>
    <ClCompile Include="..\aaplus\AAVSOP87D_JUP.cpp">
      <Filter>Source Files</Filter>
    </ClCompile>
    <ClCompile Include="..\aaplus\AAVSOP87D_MAR.cpp">
      <Filter>Source Files</Filter>
    </ClCompile>
    <ClCompile Include="..\aaplus\AAVSOP87D_MER.cpp">
      <Filter>Source Files</Filter>
    </ClCompile>
    <ClCompile Include="..\aaplus\AAVSOP87D_NEP.cpp">
      <Filter>Source Files</Filter>
    </ClCompile>
    <ClCompile Include="..\aaplus\AAVSOP87D_SAT.cpp">
      <Filter>Source Files</Filter>
    </ClCompile>
    <ClCompile Include="..\aaplus\AAVSOP87D_URA.cpp">
      <Filter>Source Files</Filter>
    </ClCompile>
    <ClCompile Include="..\aaplus\AAVSOP87D_VEN.cpp">
      <Filter>Source Files</Filter>
    </ClCompile>
    <ClCompile Include="..\aaplus\AAVSOP87E_EAR.cpp">
      <Filter>Source Files</Filter>
    </ClCompile>
    <ClCompile Include="..\aaplus\AAVSOP87E_JUP.cpp">
      <Filter>Source Files</Filter>
    </ClCompile>
    <ClCompile Include="..\aaplus\AAVSOP87E_MAR.cpp">
      <Filter>Source Files</Filter>
    </ClCompile>
    <ClCompile Include="..\aaplus\AAVSOP87E_MER.cpp">
      <Filter>Source Files</Filter>
    </ClCompile>
    <ClCompile Include="..\aaplus\AAVSOP87E_NEP.cpp">
      <Filter>Source Files</Filter>
    </ClCompile>
    <ClCompile Include="..\aaplus\AAVSOP87E_SAT.cpp">
      <Filter>Source Files</Filter>
    </ClCompile>
    <ClCompile Include="..\aaplus\AAVSOP87E_SUN.cpp">
      <Filter>Source Files</Filter>
    </ClCompile>
    <ClCompile Include="..\aaplus\AAVSOP87E_URA.cpp">
      <Filter>Source Files</Filter>
    </ClCompile>
    <ClCompile Include="..\aaplus\AAVSOP87E_VEN.cpp">
      <Filter>Source Files</Filter>
    </ClCompile>
  </ItemGroup>
</Project>